<?xml version="1.0" encoding="utf-8"?>
<Project ToolsVersion="4.0" xmlns="http://schemas.microsoft.com/developer/msbuild/2003">
  <ItemGroup>
    <Filter Include="Source Files">
      <UniqueIdentifier>{4FC737F1-C7A5-4376-A066-2A32D752A2FF}</UniqueIdentifier>
      <Extensions>cpp;c;cc;cxx;def;odl;idl;hpj;bat;asm;asmx</Extensions>
    </Filter>
    <Filter Include="Header Files">
      <UniqueIdentifier>{93995380-89BD-4b04-88EB-625FBE52EBFB}</UniqueIdentifier>
      <Extensions>h;hh;hpp;hxx;hm;inl;inc;ipp;xsd</Extensions>
    </Filter>
    <Filter Include="Resource Files">
      <UniqueIdentifier>{67DA6AB6-F800-4c08-8B7A-83BB121AAD01}</UniqueIdentifier>
      <Extensions>rc;ico;cur;bmp;dlg;rc2;rct;bin;rgs;gif;jpg;jpeg;jpe;resx;tiff;tif;png;wav;mfcribbon-ms</Extensions>
    </Filter>
    <Filter Include="Header Files\shadow_maze">
      <UniqueIdentifier>{511946e1-dd92-4e77-94e6-29bf875522e5}</UniqueIdentifier>
    </Filter>
    <Filter Include="Source Files\shadow_maze">
      <UniqueIdentifier>{27e0b68d-7e5f-4f64-ac5e-0203d6a1c1b1}</UniqueIdentifier>
    </Filter>
    <Filter Include="Header Files\jdb_engine">
      <UniqueIdentifier>{53228a36-54de-48c1-a036-cdf9fac8c0c5}</UniqueIdentifier>
    </Filter>
    <Filter Include="Header Files\jdb_engine\my_math">
      <UniqueIdentifier>{694793fe-6785-460d-8308-ddeafc2a15af}</UniqueIdentifier>
    </Filter>
    <Filter Include="Header Files\jdb_engine\visual">
      <UniqueIdentifier>{c2324a17-061b-495a-ad64-fe4315f11a1f}</UniqueIdentifier>
    </Filter>
    <Filter Include="Source Files\jdb_engine">
      <UniqueIdentifier>{ffab722b-2eab-4cf9-b56f-6e9965fa1a08}</UniqueIdentifier>
    </Filter>
    <Filter Include="Source Files\jdb_engine\my_math">
      <UniqueIdentifier>{66eaa946-b613-466b-9478-ed59bb9145a1}</UniqueIdentifier>
    </Filter>
    <Filter Include="Source Files\jdb_engine\visual">
      <UniqueIdentifier>{d866517e-9fb2-48ed-85eb-eb5323028771}</UniqueIdentifier>
    </Filter>
  </ItemGroup>
  <ItemGroup>
    <ClInclude Include="stdafx.h">
      <Filter>Header Files</Filter>
    </ClInclude>
    <ClInclude Include="shadow_maze\Game.hpp">
      <Filter>Header Files\shadow_maze</Filter>
    </ClInclude>
    <ClInclude Include="jdb_engine\Engine.hpp">
      <Filter>Header Files\jdb_engine</Filter>
    </ClInclude>
    <ClInclude Include="jdb_engine\Audio_manager.hpp">
      <Filter>Header Files\jdb_engine</Filter>
    </ClInclude>
    <ClInclude Include="jdb_engine\Delta_time.hpp">
      <Filter>Header Files\jdb_engine</Filter>
    </ClInclude>
    <ClInclude Include="jdb_engine\my_math\Vec4.hpp">
      <Filter>Header Files\jdb_engine\my_math</Filter>
    </ClInclude>
    <ClInclude Include="jdb_engine\my_math\Mat4.hpp">
      <Filter>Header Files\jdb_engine\my_math</Filter>
    </ClInclude>
    <ClInclude Include="jdb_engine\my_math\Vec2.hpp">
      <Filter>Header Files\jdb_engine\my_math</Filter>
    </ClInclude>
    <ClInclude Include="jdb_engine\my_math\Vec3.hpp">
      <Filter>Header Files\jdb_engine\my_math</Filter>
    </ClInclude>
    <ClInclude Include="jdb_engine\visual\Vertex.hpp">
      <Filter>Header Files\jdb_engine\visual</Filter>
    </ClInclude>
    <ClInclude Include="jdb_engine\visual\Renderer.hpp">
      <Filter>Header Files\jdb_engine\visual</Filter>
    </ClInclude>
    <ClInclude Include="jdb_engine\visual\Texture_manager.hpp">
      <Filter>Header Files\jdb_engine\visual</Filter>
    </ClInclude>
    <ClInclude Include="jdb_engine\visual\Shader_manager.hpp">
      <Filter>Header Files\jdb_engine\visual</Filter>
    </ClInclude>
    <ClInclude Include="jdb_engine\visual\Mesh.hpp">
      <Filter>Header Files\jdb_engine\visual</Filter>
    </ClInclude>
    <ClInclude Include="jdb_engine\visual\Mesh_factory.hpp">
      <Filter>Header Files\jdb_engine\visual</Filter>
    </ClInclude>
    <ClInclude Include="jdb_engine\System_base.hpp">
      <Filter>Header Files\jdb_engine</Filter>
    </ClInclude>
    <ClInclude Include="jdb_engine\Gui_system.hpp">
      <Filter>Header Files\jdb_engine</Filter>
    </ClInclude>
    <ClInclude Include="jdb_engine\Game_object.hpp">
      <Filter>Header Files\jdb_engine</Filter>
    </ClInclude>
    <ClInclude Include="shadow_maze\Map.hpp">
      <Filter>Header Files\shadow_maze</Filter>
    </ClInclude>
    <ClInclude Include="shadow_maze\Tile.hpp">
      <Filter>Header Files\shadow_maze</Filter>
    </ClInclude>
    <ClInclude Include="shadow_maze\Player.hpp">
      <Filter>Header Files\shadow_maze</Filter>
    </ClInclude>
  </ItemGroup>
  <ItemGroup>
    <ClCompile Include="stdafx.cpp">
      <Filter>Source Files</Filter>
    </ClCompile>
    <ClCompile Include="Main.cpp">
      <Filter>Source Files</Filter>
    </ClCompile>
    <ClCompile Include="shadow_maze\Game.cpp">
      <Filter>Source Files\shadow_maze</Filter>
    </ClCompile>
    <ClCompile Include="jdb_engine\Audio_manager.cpp">
      <Filter>Source Files\jdb_engine</Filter>
    </ClCompile>
    <ClCompile Include="jdb_engine\Delta_time.cpp">
      <Filter>Source Files\jdb_engine</Filter>
    </ClCompile>
    <ClCompile Include="jdb_engine\Engine.cpp">
      <Filter>Source Files\jdb_engine</Filter>
    </ClCompile>
    <ClCompile Include="jdb_engine\my_math\Vec4.cpp">
      <Filter>Source Files\jdb_engine\my_math</Filter>
    </ClCompile>
    <ClCompile Include="jdb_engine\my_math\Mat4.cpp">
      <Filter>Source Files\jdb_engine\my_math</Filter>
    </ClCompile>
    <ClCompile Include="jdb_engine\my_math\Vec2.cpp">
      <Filter>Source Files\jdb_engine\my_math</Filter>
    </ClCompile>
    <ClCompile Include="jdb_engine\my_math\Vec3.cpp">
      <Filter>Source Files\jdb_engine\my_math</Filter>
    </ClCompile>
    <ClCompile Include="jdb_engine\visual\Vertex.cpp">
      <Filter>Source Files\jdb_engine\visual</Filter>
    </ClCompile>
    <ClCompile Include="jdb_engine\visual\Renderer.cpp">
      <Filter>Source Files\jdb_engine\visual</Filter>
    </ClCompile>
    <ClCompile Include="jdb_engine\visual\Texture_manager.cpp">
      <Filter>Source Files\jdb_engine\visual</Filter>
    </ClCompile>
    <ClCompile Include="jdb_engine\visual\Shader_manager.cpp">
      <Filter>Source Files\jdb_engine\visual</Filter>
    </ClCompile>
    <ClCompile Include="jdb_engine\visual\Mesh.cpp">
      <Filter>Source Files\jdb_engine\visual</Filter>
    </ClCompile>
    <ClCompile Include="jdb_engine\visual\Mesh_factory.cpp">
      <Filter>Source Files\jdb_engine\visual</Filter>
    </ClCompile>
    <ClCompile Include="jdb_engine\Gui_system.cpp">
      <Filter>Source Files\jdb_engine</Filter>
    </ClCompile>
    <ClCompile Include="jdb_engine\Game_object.cpp">
      <Filter>Source Files\jdb_engine</Filter>
    </ClCompile>
    <ClCompile Include="shadow_maze\Map.cpp">
      <Filter>Source Files\shadow_maze</Filter>
    </ClCompile>
    <ClCompile Include="shadow_maze\Tile.cpp">
      <Filter>Source Files\shadow_maze</Filter>
    </ClCompile>
    <ClCompile Include="shadow_maze\Player.cpp">
      <Filter>Source Files\shadow_maze</Filter>
    </ClCompile>
  </ItemGroup>
</Project>